
Microsoft Visual Studio Solution File, Format Version 12.00
# Visual Studio 15
VisualStudioVersion = 15.0.28307.1062
MinimumVisualStudioVersion = 10.0.40219.1
Project("{FAE04EC0-301F-11D3-BF4B-00C04F79EFBC}") = "Github_Test", "Github_Test\Github_Test.csproj", "{C63EAC9C-E2A8-4FC9-9BCC-14DAC7AE0EAD}"
EndProject
Global
	GlobalSection(SolutionConfigurationPlatforms) = preSolution
		Debug|Any CPU = Debug|Any CPU
		Release|Any CPU = Release|Any CPU
	EndGlobalSection
	GlobalSection(ProjectConfigurationPlatforms) = postSolution
		{C63EAC9C-E2A8-4FC9-9BCC-14DAC7AE0EAD}.Debug|Any CPU.ActiveCfg = Debug|Any CPU
		{C63EAC9C-E2A8-4FC9-9BCC-14DAC7AE0EAD}.Debug|Any CPU.Build.0 = Debug|Any CPU
		{C63EAC9C-E2A8-4FC9-9BCC-14DAC7AE0EAD}.Release|Any CPU.ActiveCfg = Release|Any CPU
		{C63EAC9C-E2A8-4FC9-9BCC-14DAC7AE0EAD}.Release|Any CPU.Build.0 = Release|Any CPU
	EndGlobalSection
	GlobalSection(SolutionProperties) = preSolution
		HideSolutionNode = FALSE
	EndGlobalSection
	GlobalSection(ExtensibilityGlobals) = postSolution
		SolutionGuid = {16513208-FCAA-48F8-B512-3694863E5082}
	EndGlobalSection
EndGlobal
